version = 1
revision = 2
requires-python = ">=3.12"

[[package]]
name = "markdown-it-py"
version = "3.0.0"
source = { registry = "https://pypi.org/simple" }
dependencies = [
    { name = "mdurl" },
]
sdist = { url = "https://files.pythonhosted.org/packages/38/71/3b932df36c1a044d397a1f92d1cf91ee0a503d91e470cbd670aa66b07ed0/markdown-it-py-3.0.0.tar.gz", hash = "sha256:e3f60a94fa066dc52ec76661e37c851cb232d92f9886b15cb560aaada2df8feb", size = 74596, upload-time = "2023-06-03T06:41:14.443Z" }
wheels = [
    { url = "https://files.pythonhosted.org/packages/42/d7/1ec15b46af6af88f19b8e5ffea08fa375d433c998b8a7639e76935c14f1f/markdown_it_py-3.0.0-py3-none-any.whl", hash = "sha256:355216845c60bd96232cd8d8c40e8f9765cc86f46880e43a8fd22dc1a1a8cab1", size = 87528, upload-time = "2023-06-03T06:41:11.019Z" },
]

[[package]]
name = "mdurl"
version = "0.1.2"
source = { registry = "https://pypi.org/simple" }
sdist = { url = "https://files.pythonhosted.org/packages/d6/54/cfe61301667036ec958cb99bd3efefba235e65cdeb9c84d24a8293ba1d90/mdurl-0.1.2.tar.gz", hash = "sha256:bb413d29f5eea38f31dd4754dd7377d4465116fb207585f97bf925588687c1ba", size = 8729, upload-time = "2022-08-14T12:40:10.846Z" }
wheels = [
    { url = "https://files.pythonhosted.org/packages/b3/38/89ba8ad64ae25be8de66a6d463314cf1eb366222074cfda9ee839c56a4b4/mdurl-0.1.2-py3-none-any.whl", hash = "sha256:84008a41e51615a49fc9966191ff91509e3c40b939176e643fd50a5c2196b8f8", size = 9979, upload-time = "2022-08-14T12:40:09.779Z" },
]

[[package]]
name = "migration-tools-comparison"
version = "0.1.0"
source = { virtual = "." }
dependencies = [
    { name = "rich" },
    { name = "simple-ddl-parser" },
    { name = "sqlglot", extra = ["rs"] },
]

[package.metadata]
requires-dist = [
    { name = "rich", specifier = ">=14.0.0" },
    { name = "simple-ddl-parser", specifier = ">=1.7.1" },
    { name = "sqlglot", extras = ["rs"], specifier = ">=26.22.0" },
]

[[package]]
name = "ply"
version = "3.11"
source = { registry = "https://pypi.org/simple" }
sdist = { url = "https://files.pythonhosted.org/packages/e5/69/882ee5c9d017149285cab114ebeab373308ef0f874fcdac9beb90e0ac4da/ply-3.11.tar.gz", hash = "sha256:00c7c1aaa88358b9c765b6d3000c6eec0ba42abca5351b095321aef446081da3", size = 159130, upload-time = "2018-02-15T19:01:31.097Z" }
wheels = [
    { url = "https://files.pythonhosted.org/packages/a3/58/35da89ee790598a0700ea49b2a66594140f44dec458c07e8e3d4979137fc/ply-3.11-py2.py3-none-any.whl", hash = "sha256:096f9b8350b65ebd2fd1346b12452efe5b9607f7482813ffca50c22722a807ce", size = 49567, upload-time = "2018-02-15T19:01:27.172Z" },
]

[[package]]
name = "pygments"
version = "2.19.1"
source = { registry = "https://pypi.org/simple" }
sdist = { url = "https://files.pythonhosted.org/packages/7c/2d/c3338d48ea6cc0feb8446d8e6937e1408088a72a39937982cc6111d17f84/pygments-2.19.1.tar.gz", hash = "sha256:61c16d2a8576dc0649d9f39e089b5f02bcd27fba10d8fb4dcc28173f7a45151f", size = 4968581, upload-time = "2025-01-06T17:26:30.443Z" }
wheels = [
    { url = "https://files.pythonhosted.org/packages/8a/0b/9fcc47d19c48b59121088dd6da2488a49d5f72dacf8262e2790a1d2c7d15/pygments-2.19.1-py3-none-any.whl", hash = "sha256:9ea1544ad55cecf4b8242fab6dd35a93bbce657034b0611ee383099054ab6d8c", size = 1225293, upload-time = "2025-01-06T17:26:25.553Z" },
]

[[package]]
name = "rich"
version = "14.0.0"
source = { registry = "https://pypi.org/simple" }
dependencies = [
    { name = "markdown-it-py" },
    { name = "pygments" },
]
sdist = { url = "https://files.pythonhosted.org/packages/a1/53/830aa4c3066a8ab0ae9a9955976fb770fe9c6102117c8ec4ab3ea62d89e8/rich-14.0.0.tar.gz", hash = "sha256:82f1bc23a6a21ebca4ae0c45af9bdbc492ed20231dcb63f297d6d1021a9d5725", size = 224078, upload-time = "2025-03-30T14:15:14.23Z" }
wheels = [
    { url = "https://files.pythonhosted.org/packages/0d/9b/63f4c7ebc259242c89b3acafdb37b41d1185c07ff0011164674e9076b491/rich-14.0.0-py3-none-any.whl", hash = "sha256:1c9491e1951aac09caffd42f448ee3d04e58923ffe14993f6e83068dc395d7e0", size = 243229, upload-time = "2025-03-30T14:15:12.283Z" },
]

[[package]]
name = "simple-ddl-parser"
version = "1.7.1"
source = { registry = "https://pypi.org/simple" }
dependencies = [
    { name = "ply" },
]
sdist = { url = "https://files.pythonhosted.org/packages/18/d8/2089a44e99403e2c3de74dae6c56ff469bf08f77fde17d0e5c045542a5ab/simple_ddl_parser-1.7.1.tar.gz", hash = "sha256:07163f70ac0751733e88762f223c41d128ddd09c1e6435c84a0f2811ac509fda", size = 87336, upload-time = "2024-10-04T11:30:40.86Z" }
wheels = [
    { url = "https://files.pythonhosted.org/packages/8c/c9/ae0ae983f86c80fd8a7ab42a2bf2b0a2d82ad3456319a070ba14a50b7d34/simple_ddl_parser-1.7.1-py3-none-any.whl", hash = "sha256:556132b04ea2b4002a2964964960abce841050f19bcc38f9eba5d81de9c0df68", size = 83970, upload-time = "2024-10-04T11:30:38.046Z" },
]

[[package]]
name = "sqlglot"
version = "26.22.0"
source = { registry = "https://pypi.org/simple" }
sdist = { url = "https://files.pythonhosted.org/packages/6b/ac/7813c14ca194161fc8b1a7132cb2e9b30904ff2b81953998de3ee5217ca0/sqlglot-26.22.0.tar.gz", hash = "sha256:30f71a771ea306b14581dc546f0faa9ebfcd745ea3c882336b33131399ae4989", size = 5369050, upload-time = "2025-05-27T22:15:03.682Z" }
wheels = [
    { url = "https://files.pythonhosted.org/packages/43/9c/56df221770c1a45ea3d9a9e17a78baf88c6a62601844c2d2c39cb8720581/sqlglot-26.22.0-py3-none-any.whl", hash = "sha256:53f9e486562cbdcb22236d19f160474193ca9b2dc36881c0e5b2af83b9a4a139", size = 463434, upload-time = "2025-05-27T22:15:00.865Z" },
]

[package.optional-dependencies]
rs = [
    { name = "sqlglotrs" },
]

[[package]]
name = "sqlglotrs"
version = "0.4.2"
source = { registry = "https://pypi.org/simple" }
sdist = { url = "https://files.pythonhosted.org/packages/40/00/413681b82755f024c8ef5b82951dca649613fc403a54bb1563df5a7d3ee4/sqlglotrs-0.4.2.tar.gz", hash = "sha256:cad26826dcb23f82577baac15f6ebd21372f12f3fd7296c7deffbf8322148e24", size = 15420, upload-time = "2025-05-20T22:27:17.656Z" }
wheels = [
    { url = "https://files.pythonhosted.org/packages/a8/ac/8db50dfce09cedd0bd449bea323b83ca595e2a15c8d9e7ad6dbe8cb3af86/sqlglotrs-0.4.2-cp312-cp312-macosx_10_12_x86_64.whl", hash = "sha256:8eb2ef47eb843c970e7fd4f390f152840f2bed90d77332c783f82e01cec40ac9", size = 302801, upload-time = "2025-05-20T22:27:13.15Z" },
    { url = "https://files.pythonhosted.org/packages/97/af/eac25faa6c20e54d72b6a29c95dcfae7a06b71ed050d24d7344f2802ca0a/sqlglotrs-0.4.2-cp312-cp312-macosx_11_0_arm64.whl", hash = "sha256:c5bd4dae0c56b86d75c5c3d33fefb6ddb0b26982e1ddcf84e84c0ead952266ac", size = 293529, upload-time = "2025-05-20T22:27:06.72Z" },
    { url = "https://files.pythonhosted.org/packages/df/ee/2c2be2faf97496c6d10d8af34d64bcc81ab6e4c36374a5f82c4db42a4f13/sqlglotrs-0.4.2-cp312-cp312-manylinux_2_17_aarch64.manylinux2014_aarch64.whl", hash = "sha256:19d86faf1b7de484415a42f86b4a9d5fab64f79ae3d527579bd877db3dca95d0", size = 329343, upload-time = "2025-05-20T22:26:25.176Z" },
    { url = "https://files.pythonhosted.org/packages/7e/4b/542c21526a2c476c84600eeb551edcd93c6a86997002bfc57a2f0e958c6f/sqlglotrs-0.4.2-cp312-cp312-manylinux_2_17_armv7l.manylinux2014_armv7l.whl", hash = "sha256:b8ece50d91fbee9a8e6635c5152b1a3197c40e0765707a443a4ce11989df6167", size = 336064, upload-time = "2025-05-20T22:26:32.274Z" },
    { url = "https://files.pythonhosted.org/packages/e6/91/898a7b462fbd251c44a1237c0eb943318e4b2286b15b8b663cf6767d8bd8/sqlglotrs-0.4.2-cp312-cp312-manylinux_2_17_ppc64le.manylinux2014_ppc64le.whl", hash = "sha256:a95e1cae9753c43ea63ab6a456aa9fc5b97ed1838d0de68385a9b2b5782b01f6", size = 478735, upload-time = "2025-05-20T22:26:46.188Z" },
    { url = "https://files.pythonhosted.org/packages/b6/99/3d70a7a4ee4887f693139a3f1797eae675ff4114e3abf2d57389cbe07254/sqlglotrs-0.4.2-cp312-cp312-manylinux_2_17_s390x.manylinux2014_s390x.whl", hash = "sha256:fc46a2d2ad0b6b487ac77d692010b63dbe22c7f67e82cdc15915ba84f60c4e15", size = 368264, upload-time = "2025-05-20T22:26:53.48Z" },
    { url = "https://files.pythonhosted.org/packages/2f/f5/c65840718e78ad23bd1b9927f3feb3aa5ca889881cc3279127828340a4a7/sqlglotrs-0.4.2-cp312-cp312-manylinux_2_17_x86_64.manylinux2014_x86_64.whl", hash = "sha256:7b0545132f2fac6acb0ff4be3f3a3a1e0ec88b026d52d3365831520e9ef84834", size = 333214, upload-time = "2025-05-20T22:27:00.557Z" },
    { url = "https://files.pythonhosted.org/packages/dd/f6/bebb776d77865bc088b733daaca7bdbe9870af91cbab9f976db1321db83d/sqlglotrs-0.4.2-cp312-cp312-manylinux_2_5_i686.manylinux1_i686.whl", hash = "sha256:149d2fd46c5e1a67bf1b88dfbb5c2dc6d5ad73e9988e15050d80f1fcedb0bbf3", size = 354396, upload-time = "2025-05-20T22:26:39.324Z" },
    { url = "https://files.pythonhosted.org/packages/97/9e/e902ff1e0fd07f52d29e10151cba1aedb470d5892fff047f45ecab49690f/sqlglotrs-0.4.2-cp312-cp312-win32.whl", hash = "sha256:16cb9604eb828d9ab996d7ad0158c7f31f2d8d8394feea18fa6b1ad9ab42e1f2", size = 177601, upload-time = "2025-05-20T22:27:20.408Z" },
    { url = "https://files.pythonhosted.org/packages/65/e6/5ac1f3a943dbfe8c44887599cc1d493916697f8d7e8f25833fb87bf3be2c/sqlglotrs-0.4.2-cp312-cp312-win_amd64.whl", hash = "sha256:a06f82f03db841c9e5c8961e944ad7f638a9abb9cbe0a975824d55be0b5b46fc", size = 193998, upload-time = "2025-05-20T22:27:27.958Z" },
    { url = "https://files.pythonhosted.org/packages/8f/f8/a829aa98de5115381c4df67c868b2bcb85f0583098377872345e9b237131/sqlglotrs-0.4.2-cp313-cp313-macosx_10_12_x86_64.whl", hash = "sha256:d796eeb3ca36a08536e44d09f5b2d12d66faf267e009704a887baa1e71ba6dd1", size = 302298, upload-time = "2025-05-20T22:27:14.138Z" },
    { url = "https://files.pythonhosted.org/packages/67/6c/932392cecb5adf75a76e6abd29462d638709243b71fcae37648cdfe8e1b8/sqlglotrs-0.4.2-cp313-cp313-macosx_11_0_arm64.whl", hash = "sha256:31114b95198943c6359d2bf3484f3b9d0c719aecf582475e7e10d15bc6d8c328", size = 292816, upload-time = "2025-05-20T22:27:07.796Z" },
    { url = "https://files.pythonhosted.org/packages/cc/03/a96206ed90d7d3fdce8681b4cebb57475887be69757fc89486dcc853b600/sqlglotrs-0.4.2-cp313-cp313-manylinux_2_17_aarch64.manylinux2014_aarch64.whl", hash = "sha256:3f91def1011ee0f05f387f78a5085a2747505112cc7d040e6a3b76e241970c76", size = 328830, upload-time = "2025-05-20T22:26:26.267Z" },
    { url = "https://files.pythonhosted.org/packages/4f/79/d39792cc590fc18c6a507b6490672ff4ea0d7f0826896a7278659add62bd/sqlglotrs-0.4.2-cp313-cp313-manylinux_2_17_armv7l.manylinux2014_armv7l.whl", hash = "sha256:d5971c229802c52d233bce93224e01bdd0d2d2c4bd357b26104e38aaa310aae0", size = 335294, upload-time = "2025-05-20T22:26:33.573Z" },
    { url = "https://files.pythonhosted.org/packages/58/88/63a3d133f258dbe1a96979812d0cdf20eede15b8ac08062f356f3d7af901/sqlglotrs-0.4.2-cp313-cp313-manylinux_2_17_ppc64le.manylinux2014_ppc64le.whl", hash = "sha256:3be9152036c3b579b3e25af07aed79ee144fe28dea9312bb9bb5af5b44030059", size = 478741, upload-time = "2025-05-20T22:26:47.58Z" },
    { url = "https://files.pythonhosted.org/packages/b1/b8/91edf2c5a21567ef04bd3049c5ed36574000461b53a6d9611a12bc488f18/sqlglotrs-0.4.2-cp313-cp313-manylinux_2_17_s390x.manylinux2014_s390x.whl", hash = "sha256:6cdf7d35d6f52469b863c9bb3f4be98f2e1514f8897f439c5703876307ca50ff", size = 368058, upload-time = "2025-05-20T22:26:54.587Z" },
    { url = "https://files.pythonhosted.org/packages/fd/92/df7dd3a88d8f23d630caa0ba3ff0b1ecf758ae953ceb44021cb1bab873f1/sqlglotrs-0.4.2-cp313-cp313-manylinux_2_17_x86_64.manylinux2014_x86_64.whl", hash = "sha256:d49cbe3dbeb7f0580e8ac1f135c104e06a4b726dcce734003053c40a0f4e7af4", size = 333056, upload-time = "2025-05-20T22:27:01.597Z" },
    { url = "https://files.pythonhosted.org/packages/f5/6f/7d0446cb9cd927961e19f1af7dbacea4724701eb555c48a4bcd2eb5a8d9b/sqlglotrs-0.4.2-cp313-cp313-manylinux_2_5_i686.manylinux1_i686.whl", hash = "sha256:c4bd0c712dc87b9813a0dabaec150928624c27d1eb9e2691c0ed0d90a6d08071", size = 353248, upload-time = "2025-05-20T22:26:40.736Z" },
    { url = "https://files.pythonhosted.org/packages/96/60/d8ae15f057aadeccd71e627a7b558eb5c976380b3e7d9477be6f4ba722f1/sqlglotrs-0.4.2-cp313-cp313-win32.whl", hash = "sha256:3b9e18315fb4d9485409fa1ab410c80b46c51bad3a2ffe0dae4bd4f612e308aa", size = 177187, upload-time = "2025-05-20T22:27:21.409Z" },
    { url = "https://files.pythonhosted.org/packages/45/8c/e70ce56dd444827edb6b741e8aca72636c14ad71c8f2619e0697780f41c2/sqlglotrs-0.4.2-cp313-cp313-win_amd64.whl", hash = "sha256:3b61e1d16078a208bd24e880ca45cc741af0777d37c7e9ae807a8de990c72dea", size = 193605, upload-time = "2025-05-20T22:27:28.932Z" },
]
